
Microsoft Visual Studio Solution File, Format Version 12.00
Project("{FAE04EC0-301F-11D3-BF4B-00C04F79EFBC}") = "BuilderPattern", "BuilderPattern\BuilderPattern.csproj", "{B33F5005-1F02-456E-917D-34115A3ACACC}"
EndProject
Global
	GlobalSection(SolutionConfigurationPlatforms) = preSolution
		Debug|Any CPU = Debug|Any CPU
		Release|Any CPU = Release|Any CPU
	EndGlobalSection
	GlobalSection(ProjectConfigurationPlatforms) = postSolution
		{B33F5005-1F02-456E-917D-34115A3ACACC}.Debug|Any CPU.ActiveCfg = Debug|Any CPU
		{B33F5005-1F02-456E-917D-34115A3ACACC}.Debug|Any CPU.Build.0 = Debug|Any CPU
		{B33F5005-1F02-456E-917D-34115A3ACACC}.Release|Any CPU.ActiveCfg = Release|Any CPU
		{B33F5005-1F02-456E-917D-34115A3ACACC}.Release|Any CPU.Build.0 = Release|Any CPU
	EndGlobalSection
EndGlobal
